// !$*UTF8*$!
{
	archiveVersion = 1;
	classes = {
	};
	objectVersion = 77;
	objects = {

/* Begin PBXContainerItemProxy section */
		A24BC5142E91A4B800D4669C /* PBXContainerItemProxy */ = {
			isa = PBXContainerItemProxy;
			containerPortal = A24BC4FE2E91A4B400D4669C /* Project object */;
			proxyType = 1;
			remoteGlobalIDString = A24BC5052E91A4B400D4669C;
			remoteInfo = cognara;
		};
		A24BC51E2E91A4B800D4669C /* PBXContainerItemProxy */ = {
			isa = PBXContainerItemProxy;
			containerPortal = A24BC4FE2E91A4B400D4669C /* Project object */;
			proxyType = 1;
			remoteGlobalIDString = A24BC5052E91A4B400D4669C;
			remoteInfo = cognara;
		};
/* End PBXContainerItemProxy section */

/* Begin PBXFileReference section */
		A24BC5062E91A4B400D4669C /* cognara.app */ = {isa = PBXFileReference; explicitFileType = wrapper.application; includeInIndex = 0; path = cognara.app; sourceTree = BUILT_PRODUCTS_DIR; };
		A24BC5132E91A4B800D4669C /* cognaraTests.xctest */ = {isa = PBXFileReference; explicitFileType = wrapper.cfbundle; includeInIndex = 0; path = cognaraTests.xctest; sourceTree = BUILT_PRODUCTS_DIR; };
		A24BC51D2E91A4B800D4669C /* cognaraUITests.xctest */ = {isa = PBXFileReference; explicitFileType = wrapper.cfbundle; includeInIndex = 0; path = cognaraUITests.xctest; sourceTree = BUILT_PRODUCTS_DIR; };
/* End PBXFileReference section */

/* Begin PBXFileSystemSynchronizedRootGroup section */
		A24BC5082E91A4B400D4669C /* cognara */ = {
			isa = PBXFileSystemSynchronizedRootGroup;
			path = cognara;
			sourceTree = "<group>";
		};
		A24BC5162E91A4B800D4669C /* cognaraTests */ = {
			isa = PBXFileSystemSynchronizedRootGroup;
			path = cognaraTests;
			sourceTree = "<group>";
		};
		A24BC5202E91A4B800D4669C /* cognaraUITests */ = {
			isa = PBXFileSystemSynchronizedRootGroup;
			path = cognaraUITests;
			sourceTree = "<group>";
		};
/* End PBXFileSystemSynchronizedRootGroup section */

/* Begin PBXFrameworksBuildPhase section */
		A24BC5032E91A4B400D4669C /* Frameworks */ = {
			isa = PBXFrameworksBuildPhase;
			buildActionMask = 2147483647;
			files = (
			);
			runOnlyForDeploymentPostprocessing = 0;
		};
		A24BC5102E91A4B800D4669C /* Frameworks */ = {
			isa = PBXFrameworksBuildPhase;
			buildActionMask = 2147483647;
			files = (
			);
			runOnlyForDeploymentPostprocessing = 0;
		};
		A24BC51A2E91A4B800D4669C /* Frameworks */ = {
			isa = PBXFrameworksBuildPhase;
			buildActionMask = 2147483647;
			files = (
			);
			runOnlyForDeploymentPostprocessing = 0;
		};
/* End PBXFrameworksBuildPhase section */

/* Begin PBXGroup section */
		A24BC4FD2E91A4B400D4669C = {
			isa = PBXGroup;
			children = (
				A24BC5082E91A4B400D4669C /* cognara */,
				A24BC5162E91A4B800D4669C /* cognaraTests */,
				A24BC5202E91A4B800D4669C /* cognaraUITests */,
				A24BC5072E91A4B400D4669C /* Products */,
			);
			sourceTree = "<group>";
		};
		A24BC5072E91A4B400D4669C /* Products */ = {
			isa = PBXGroup;
			children = (
				A24BC5062E91A4B400D4669C /* cognara.app */,
				A24BC5132E91A4B800D4669C /* cognaraTests.xctest */,
				A24BC51D2E91A4B800D4669C /* cognaraUITests.xctest */,
			);
			name = Products;
			sourceTree = "<group>";
		};
/* End PBXGroup section */

/* Begin PBXNativeTarget section */
		A24BC5052E91A4B400D4669C /* cognara */ = {
			isa = PBXNativeTarget;
			buildConfigurationList = A24BC5272E91A4B800D4669C /* Build configuration list for PBXNativeTarget "cognara" */;
			buildPhases = (
				A24BC5022E91A4B400D4669C /* Sources */,
				A24BC5032E91A4B400D4669C /* Frameworks */,
				A24BC5042E91A4B400D4669C /* Resources */,
			);
			buildRules = (
			);
			dependencies = (
			);
			fileSystemSynchronizedGroups = (
				A24BC5082E91A4B400D4669C /* cognara */,
			);
			name = cognara;
			packageProductDependencies = (
			);
			productName = cognara;
			productReference = A24BC5062E91A4B400D4669C /* cognara.app */;
			productType = "com.apple.product-type.application";
		};
		A24BC5122E91A4B800D4669C /* cognaraTests */ = {
			isa = PBXNativeTarget;
			buildConfigurationList = A24BC52A2E91A4B800D4669C /* Build configuration list for PBXNativeTarget "cognaraTests" */;
			buildPhases = (
				A24BC50F2E91A4B800D4669C /* Sources */,
				A24BC5102E91A4B800D4669C /* Frameworks */,
				A24BC5112E91A4B800D4669C /* Resources */,
			);
			buildRules = (
			);
			dependencies = (
				A24BC5152E91A4B800D4669C /* PBXTargetDependency */,
			);
			fileSystemSynchronizedGroups = (
				A24BC5162E91A4B800D4669C /* cognaraTests */,
			);
			name = cognaraTests;
			packageProductDependencies = (
			);
			productName = cognaraTests;
			productReference = A24BC5132E91A4B800D4669C /* cognaraTests.xctest */;
			productType = "com.apple.product-type.bundle.unit-test";
		};
		A24BC51C2E91A4B800D4669C /* cognaraUITests */ = {
			isa = PBXNativeTarget;
			buildConfigurationList = A24BC52D2E91A4B800D4669C /* Build configuration list for PBXNativeTarget "cognaraUITests" */;
			buildPhases = (
				A24BC5192E91A4B800D4669C /* Sources */,
				A24BC51A2E91A4B800D4669C /* Frameworks */,
				A24BC51B2E91A4B800D4669C /* Resources */,
			);
			buildRules = (
			);
			dependencies = (
				A24BC51F2E91A4B800D4669C /* PBXTargetDependency */,
			);
			fileSystemSynchronizedGroups = (
				A24BC5202E91A4B800D4669C /* cognaraUITests */,
			);
			name = cognaraUITests;
			packageProductDependencies = (
			);
			productName = cognaraUITests;
			productReference = A24BC51D2E91A4B800D4669C /* cognaraUITests.xctest */;
			productType = "com.apple.product-type.bundle.ui-testing";
		};
/* End PBXNativeTarget section */

/* Begin PBXProject section */
		A24BC4FE2E91A4B400D4669C /* Project object */ = {
			isa = PBXProject;
			attributes = {
				BuildIndependentTargetsInParallel = 1;
				LastSwiftUpdateCheck = 2600;
				LastUpgradeCheck = 2600;
				TargetAttributes = {
					A24BC5052E91A4B400D4669C = {
						CreatedOnToolsVersion = 26.0.1;
					};
					A24BC5122E91A4B800D4669C = {
						CreatedOnToolsVersion = 26.0.1;
						TestTargetID = A24BC5052E91A4B400D4669C;
					};
					A24BC51C2E91A4B800D4669C = {
						CreatedOnToolsVersion = 26.0.1;
						TestTargetID = A24BC5052E91A4B400D4669C;
					};
				};
			};
			buildConfigurationList = A24BC5012E91A4B400D4669C /* Build configuration list for PBXProject "cognara" */;
			developmentRegion = en;
			hasScannedForEncodings = 0;
			knownRegions = (
				en,
				Base,
			);
			mainGroup = A24BC4FD2E91A4B400D4669C;
			minimizedProjectReferenceProxies = 1;
			preferredProjectObjectVersion = 77;
			productRefGroup = A24BC5072E91A4B400D4669C /* Products */;
			projectDirPath = "";
			projectRoot = "";
			targets = (
				A24BC5052E91A4B400D4669C /* cognara */,
				A24BC5122E91A4B800D4669C /* cognaraTests */,
				A24BC51C2E91A4B800D4669C /* cognaraUITests */,
			);
		};
/* End PBXProject section */

/* Begin PBXResourcesBuildPhase section */
		A24BC5042E91A4B400D4669C /* Resources */ = {
			isa = PBXResourcesBuildPhase;
			buildActionMask = 2147483647;
			files = (
			);
			runOnlyForDeploymentPostprocessing = 0;
		};
		A24BC5112E91A4B800D4669C /* Resources */ = {
			isa = PBXResourcesBuildPhase;
			buildActionMask = 2147483647;
			files = (
			);
			runOnlyForDeploymentPostprocessing = 0;
		};
		A24BC51B2E91A4B800D4669C /* Resources */ = {
			isa = PBXResourcesBuildPhase;
			buildActionMask = 2147483647;
			files = (
			);
			runOnlyForDeploymentPostprocessing = 0;
		};
/* End PBXResourcesBuildPhase section */

/* Begin PBXSourcesBuildPhase section */
		A24BC5022E91A4B400D4669C /* Sources */ = {
			isa = PBXSourcesBuildPhase;
			buildActionMask = 2147483647;
			files = (
			);
			runOnlyForDeploymentPostprocessing = 0;
		};
		A24BC50F2E91A4B800D4669C /* Sources */ = {
			isa = PBXSourcesBuildPhase;
			buildActionMask = 2147483647;
			files = (
			);
			runOnlyForDeploymentPostprocessing = 0;
		};
		A24BC5192E91A4B800D4669C /* Sources */ = {
			isa = PBXSourcesBuildPhase;
			buildActionMask = 2147483647;
			files = (
			);
			runOnlyForDeploymentPostprocessing = 0;
		};
/* End PBXSourcesBuildPhase section */

/* Begin PBXTargetDependency section */
		A24BC5152E91A4B800D4669C /* PBXTargetDependency */ = {
			isa = PBXTargetDependency;
			target = A24BC5052E91A4B400D4669C /* cognara */;
			targetProxy = A24BC5142E91A4B800D4669C /* PBXContainerItemProxy */;
		};
		A24BC51F2E91A4B800D4669C /* PBXTargetDependency */ = {
			isa = PBXTargetDependency;
			target = A24BC5052E91A4B400D4669C /* cognara */;
			targetProxy = A24BC51E2E91A4B800D4669C /* PBXContainerItemProxy */;
		};
/* End PBXTargetDependency section */

/* Begin XCBuildConfiguration section */
		A24BC5252E91A4B800D4669C /* Debug */ = {
			isa = XCBuildConfiguration;
			buildSettings = {
				ALWAYS_SEARCH_USER_PATHS = NO;
				ASSETCATALOG_COMPILER_GENERATE_SWIFT_ASSET_SYMBOL_EXTENSIONS = YES;
				CLANG_ANALYZER_NONNULL = YES;
				CLANG_ANALYZER_NUMBER_OBJECT_CONVERSION = YES_AGGRESSIVE;
				CLANG_CXX_LANGUAGE_STANDARD = "gnu++20";
				CLANG_ENABLE_MODULES = YES;
				CLANG_ENABLE_OBJC_ARC = YES;
				CLANG_ENABLE_OBJC_WEAK = YES;
				CLANG_WARN_BLOCK_CAPTURE_AUTORELEASING = YES;
				CLANG_WARN_BOOL_CONVERSION = YES;
				CLANG_WARN_COMMA = YES;
				CLANG_WARN_CONSTANT_CONVERSION = YES;
				CLANG_WARN_DEPRECATED_OBJC_IMPLEMENTATIONS = YES;
				CLANG_WARN_DIRECT_OBJC_ISA_USAGE = YES_ERROR;
				CLANG_WARN_DOCUMENTATION_COMMENTS = YES;
				CLANG_WARN_EMPTY_BODY = YES;
				CLANG_WARN_ENUM_CONVERSION = YES;
				CLANG_WARN_INFINITE_RECURSION = YES;
				CLANG_WARN_INT_CONVERSION = YES;
				CLANG_WARN_NON_LITERAL_NULL_CONVERSION = YES;
				CLANG_WARN_OBJC_IMPLICIT_RETAIN_SELF = YES;
				CLANG_WARN_OBJC_LITERAL_CONVERSION = YES;
				CLANG_WARN_OBJC_ROOT_CLASS = YES_ERROR;
				CLANG_WARN_QUOTED_INCLUDE_IN_FRAMEWORK_HEADER = YES;
				CLANG_WARN_RANGE_LOOP_ANALYSIS = YES;
				CLANG_WARN_STRICT_PROTOTYPES = YES;
				CLANG_WARN_SUSPICIOUS_MOVE = YES;
				CLANG_WARN_UNGUARDED_AVAILABILITY = YES_AGGRESSIVE;
				CLANG_WARN_UNREACHABLE_CODE = YES;
				CLANG_WARN__DUPLICATE_METHOD_MATCH = YES;
				COPY_PHASE_STRIP = NO;
				DEBUG_INFORMATION_FORMAT = dwarf;
				ENABLE_STRICT_OBJC_MSGSEND = YES;
				ENABLE_TESTABILITY = YES;
				ENABLE_USER_SCRIPT_SANDBOXING = YES;
				GCC_C_LANGUAGE_STANDARD = gnu17;
				GCC_DYNAMIC_NO_PIC = NO;
				GCC_NO_COMMON_BLOCKS = YES;
				GCC_OPTIMIZATION_LEVEL = 0;
				GCC_PREPROCESSOR_DEFINITIONS = (
					"DEBUG=1",
					"$(inherited)",
				);
				GCC_WARN_64_TO_32_BIT_CONVERSION = YES;
				GCC_WARN_ABOUT_RETURN_TYPE = YES_ERROR;
				GCC_WARN_UNDECLARED_SELECTOR = YES;
				GCC_WARN_UNINITIALIZED_AUTOS = YES_AGGRESSIVE;
				GCC_WARN_UNUSED_FUNCTION = YES;
				GCC_WARN_UNUSED_VARIABLE = YES;
				LOCALIZATION_PREFERS_STRING_CATALOGS = YES;
				MACOSX_DEPLOYMENT_TARGET = 15.6;
				MTL_ENABLE_DEBUG_INFO = INCLUDE_SOURCE;
				MTL_FAST_MATH = YES;
				ONLY_ACTIVE_ARCH = YES;
				SDKROOT = macosx;
				SWIFT_ACTIVE_COMPILATION_CONDITIONS = "DEBUG $(inherited)";
				SWIFT_OPTIMIZATION_LEVEL = "-Onone";
			};
			name = Debug;
		};
		A24BC5262E91A4B800D4669C /* Release */ = {
			isa = XCBuildConfiguration;
			buildSettings = {
				ALWAYS_SEARCH_USER_PATHS = NO;
				ASSETCATALOG_COMPILER_GENERATE_SWIFT_ASSET_SYMBOL_EXTENSIONS = YES;
				CLANG_ANALYZER_NONNULL = YES;
				CLANG_ANALYZER_NUMBER_OBJECT_CONVERSION = YES_AGGRESSIVE;
				CLANG_CXX_LANGUAGE_STANDARD = "gnu++20";
				CLANG_ENABLE_MODULES = YES;
				CLANG_ENABLE_OBJC_ARC = YES;
				CLANG_ENABLE_OBJC_WEAK = YES;
				CLANG_WARN_BLOCK_CAPTURE_AUTORELEASING = YES;
				CLANG_WARN_BOOL_CONVERSION = YES;
				CLANG_WARN_COMMA = YES;
				CLANG_WARN_CONSTANT_CONVERSION = YES;
				CLANG_WARN_DEPRECATED_OBJC_IMPLEMENTATIONS = YES;
				CLANG_WARN_DIRECT_OBJC_ISA_USAGE = YES_ERROR;
				CLANG_WARN_DOCUMENTATION_COMMENTS = YES;
				CLANG_WARN_EMPTY_BODY = YES;
				CLANG_WARN_ENUM_CONVERSION = YES;
				CLANG_WARN_INFINITE_RECURSION = YES;
				CLANG_WARN_INT_CONVERSION = YES;
				CLANG_WARN_NON_LITERAL_NULL_CONVERSION = YES;
				CLANG_WARN_OBJC_IMPLICIT_RETAIN_SELF = YES;
				CLANG_WARN_OBJC_LITERAL_CONVERSION = YES;
				CLANG_WARN_OBJC_ROOT_CLASS = YES_ERROR;
				CLANG_WARN_QUOTED_INCLUDE_IN_FRAMEWORK_HEADER = YES;
				CLANG_WARN_RANGE_LOOP_ANALYSIS = YES;
				CLANG_WARN_STRICT_PROTOTYPES = YES;
				CLANG_WARN_SUSPICIOUS_MOVE = YES;
				CLANG_WARN_UNGUARDED_AVAILABILITY = YES_AGGRESSIVE;
				CLANG_WARN_UNREACHABLE_CODE = YES;
				CLANG_WARN__DUPLICATE_METHOD_MATCH = YES;
				COPY_PHASE_STRIP = NO;
				DEBUG_INFORMATION_FORMAT = "dwarf-with-dsym";
				ENABLE_NS_ASSERTIONS = NO;
				ENABLE_STRICT_OBJC_MSGSEND = YES;
				ENABLE_USER_SCRIPT_SANDBOXING = YES;
				GCC_C_LANGUAGE_STANDARD = gnu17;
				GCC_NO_COMMON_BLOCKS = YES;
				GCC_WARN_64_TO_32_BIT_CONVERSION = YES;
				GCC_WARN_ABOUT_RETURN_TYPE = YES_ERROR;
				GCC_WARN_UNDECLARED_SELECTOR = YES;
				GCC_WARN_UNINITIALIZED_AUTOS = YES_AGGRESSIVE;
				GCC_WARN_UNUSED_FUNCTION = YES;
				GCC_WARN_UNUSED_VARIABLE = YES;
				LOCALIZATION_PREFERS_STRING_CATALOGS = YES;
				MACOSX_DEPLOYMENT_TARGET = 15.6;
				MTL_ENABLE_DEBUG_INFO = NO;
				MTL_FAST_MATH = YES;
				SDKROOT = macosx;
				SWIFT_COMPILATION_MODE = wholemodule;
			};
			name = Release;
		};
		A24BC5282E91A4B800D4669C /* Debug */ = {
			isa = XCBuildConfiguration;
			buildSettings = {
				ASSETCATALOG_COMPILER_APPICON_NAME = AppIcon;
				ASSETCATALOG_COMPILER_GLOBAL_ACCENT_COLOR_NAME = AccentColor;
				CODE_SIGN_STYLE = Automatic;
				COMBINE_HIDPI_IMAGES = YES;
				CURRENT_PROJECT_VERSION = 1;
				ENABLE_APP_SANDBOX = YES;
				ENABLE_PREVIEWS = YES;
				ENABLE_USER_SELECTED_FILES = readonly;
				GENERATE_INFOPLIST_FILE = YES;
				INFOPLIST_KEY_NSHumanReadableCopyright = "";
				LD_RUNPATH_SEARCH_PATHS = (
					"$(inherited)",
					"@executable_path/../Frameworks",
				);
				MARKETING_VERSION = 1.0;
				PRODUCT_BUNDLE_IDENTIFIER = riyansh.com.cognara;
				PRODUCT_NAME = "$(TARGET_NAME)";
				REGISTER_APP_GROUPS = YES;
				STRING_CATALOG_GENERATE_SYMBOLS = YES;
				SWIFT_APPROACHABLE_CONCURRENCY = YES;
				SWIFT_DEFAULT_ACTOR_ISOLATION = MainActor;
				SWIFT_EMIT_LOC_STRINGS = YES;
				SWIFT_UPCOMING_FEATURE_MEMBER_IMPORT_VISIBILITY = YES;
				SWIFT_VERSION = 5.0;
			};
			name = Debug;
		};
		A24BC5292E91A4B800D4669C /* Release */ = {
			isa = XCBuildConfiguration;
			buildSettings = {
				ASSETCATALOG_COMPILER_APPICON_NAME = AppIcon;
				ASSETCATALOG_COMPILER_GLOBAL_ACCENT_COLOR_NAME = AccentColor;
				CODE_SIGN_STYLE = Automatic;
				COMBINE_HIDPI_IMAGES = YES;
				CURRENT_PROJECT_VERSION = 1;
				ENABLE_APP_SANDBOX = YES;
				ENABLE_PREVIEWS = YES;
				ENABLE_USER_SELECTED_FILES = readonly;
				GENERATE_INFOPLIST_FILE = YES;
				INFOPLIST_KEY_NSHumanReadableCopyright = "";
				LD_RUNPATH_SEARCH_PATHS = (
					"$(inherited)",
					"@executable_path/../Frameworks",
				);
				MARKETING_VERSION = 1.0;
				PRODUCT_BUNDLE_IDENTIFIER = riyansh.com.cognara;
				PRODUCT_NAME = "$(TARGET_NAME)";
				REGISTER_APP_GROUPS = YES;
				STRING_CATALOG_GENERATE_SYMBOLS = YES;
				SWIFT_APPROACHABLE_CONCURRENCY = YES;
				SWIFT_DEFAULT_ACTOR_ISOLATION = MainActor;
				SWIFT_EMIT_LOC_STRINGS = YES;
				SWIFT_UPCOMING_FEATURE_MEMBER_IMPORT_VISIBILITY = YES;
				SWIFT_VERSION = 5.0;
			};
			name = Release;
		};
		A24BC52B2E91A4B800D4669C /* Debug */ = {
			isa = XCBuildConfiguration;
			buildSettings = {
				BUNDLE_LOADER = "$(TEST_HOST)";
				CODE_SIGN_STYLE = Automatic;
				CURRENT_PROJECT_VERSION = 1;
				GENERATE_INFOPLIST_FILE = YES;
				MACOSX_DEPLOYMENT_TARGET = 15.6;
				MARKETING_VERSION = 1.0;
				PRODUCT_BUNDLE_IDENTIFIER = riyansh.com.cognaraTests;
				PRODUCT_NAME = "$(TARGET_NAME)";
				STRING_CATALOG_GENERATE_SYMBOLS = NO;
				SWIFT_APPROACHABLE_CONCURRENCY = YES;
				SWIFT_EMIT_LOC_STRINGS = NO;
				SWIFT_UPCOMING_FEATURE_MEMBER_IMPORT_VISIBILITY = YES;
				SWIFT_VERSION = 5.0;
				TEST_HOST = "$(BUILT_PRODUCTS_DIR)/cognara.app/$(BUNDLE_EXECUTABLE_FOLDER_PATH)/cognara";
			};
			name = Debug;
		};
		A24BC52C2E91A4B800D4669C /* Release */ = {
			isa = XCBuildConfiguration;
			buildSettings = {
				BUNDLE_LOADER = "$(TEST_HOST)";
				CODE_SIGN_STYLE = Automatic;
				CURRENT_PROJECT_VERSION = 1;
				GENERATE_INFOPLIST_FILE = YES;
				MACOSX_DEPLOYMENT_TARGET = 15.6;
				MARKETING_VERSION = 1.0;
				PRODUCT_BUNDLE_IDENTIFIER = riyansh.com.cognaraTests;
				PRODUCT_NAME = "$(TARGET_NAME)";
				STRING_CATALOG_GENERATE_SYMBOLS = NO;
				SWIFT_APPROACHABLE_CONCURRENCY = YES;
				SWIFT_EMIT_LOC_STRINGS = NO;
				SWIFT_UPCOMING_FEATURE_MEMBER_IMPORT_VISIBILITY = YES;
				SWIFT_VERSION = 5.0;
				TEST_HOST = "$(BUILT_PRODUCTS_DIR)/cognara.app/$(BUNDLE_EXECUTABLE_FOLDER_PATH)/cognara";
			};
			name = Release;
		};
		A24BC52E2E91A4B800D4669C /* Debug */ = {
			isa = XCBuildConfiguration;
			buildSettings = {
				CODE_SIGN_STYLE = Automatic;
				CURRENT_PROJECT_VERSION = 1;
				GENERATE_INFOPLIST_FILE = YES;
				MARKETING_VERSION = 1.0;
				PRODUCT_BUNDLE_IDENTIFIER = riyansh.com.cognaraUITests;
				PRODUCT_NAME = "$(TARGET_NAME)";
				STRING_CATALOG_GENERATE_SYMBOLS = NO;
				SWIFT_APPROACHABLE_CONCURRENCY = YES;
				SWIFT_EMIT_LOC_STRINGS = NO;
				SWIFT_UPCOMING_FEATURE_MEMBER_IMPORT_VISIBILITY = YES;
				SWIFT_VERSION = 5.0;
				TEST_TARGET_NAME = cognara;
			};
			name = Debug;
		};
		A24BC52F2E91A4B800D4669C /* Release */ = {
			isa = XCBuildConfiguration;
			buildSettings = {
				CODE_SIGN_STYLE = Automatic;
				CURRENT_PROJECT_VERSION = 1;
				GENERATE_INFOPLIST_FILE = YES;
				MARKETING_VERSION = 1.0;
				PRODUCT_BUNDLE_IDENTIFIER = riyansh.com.cognaraUITests;
				PRODUCT_NAME = "$(TARGET_NAME)";
				STRING_CATALOG_GENERATE_SYMBOLS = NO;
				SWIFT_APPROACHABLE_CONCURRENCY = YES;
				SWIFT_EMIT_LOC_STRINGS = NO;
				SWIFT_UPCOMING_FEATURE_MEMBER_IMPORT_VISIBILITY = YES;
				SWIFT_VERSION = 5.0;
				TEST_TARGET_NAME = cognara;
			};
			name = Release;
		};
/* End XCBuildConfiguration section */

/* Begin XCConfigurationList section */
		A24BC5012E91A4B400D4669C /* Build configuration list for PBXProject "cognara" */ = {
			isa = XCConfigurationList;
			buildConfigurations = (
				A24BC5252E91A4B800D4669C /* Debug */,
				A24BC5262E91A4B800D4669C /* Release */,
			);
			defaultConfigurationIsVisible = 0;
			defaultConfigurationName = Release;
		};
		A24BC5272E91A4B800D4669C /* Build configuration list for PBXNativeTarget "cognara" */ = {
			isa = XCConfigurationList;
			buildConfigurations = (
				A24BC5282E91A4B800D4669C /* Debug */,
				A24BC5292E91A4B800D4669C /* Release */,
			);
			defaultConfigurationIsVisible = 0;
			defaultConfigurationName = Release;
		};
		A24BC52A2E91A4B800D4669C /* Build configuration list for PBXNativeTarget "cognaraTests" */ = {
			isa = XCConfigurationList;
			buildConfigurations = (
				A24BC52B2E91A4B800D4669C /* Debug */,
				A24BC52C2E91A4B800D4669C /* Release */,
			);
			defaultConfigurationIsVisible = 0;
			defaultConfigurationName = Release;
		};
		A24BC52D2E91A4B800D4669C /* Build configuration list for PBXNativeTarget "cognaraUITests" */ = {
			isa = XCConfigurationList;
			buildConfigurations = (
				A24BC52E2E91A4B800D4669C /* Debug */,
				A24BC52F2E91A4B800D4669C /* Release */,
			);
			defaultConfigurationIsVisible = 0;
			defaultConfigurationName = Release;
		};
/* End XCConfigurationList section */
	};
	rootObject = A24BC4FE2E91A4B400D4669C /* Project object */;
}
